
Microsoft Visual Studio Solution File, Format Version 12.00
# Visual Studio Version 17
VisualStudioVersion = 17.13.35828.75
MinimumVisualStudioVersion = 10.0.40219.1
Project("{FAE04EC0-301F-11D3-BF4B-00C04F79EFBC}") = "Traveler", "Traveler\Traveler.csproj", "{6EC2F84F-0A09-4FE6-A55D-3E04ED3D6D30}"
EndProject
Global
	GlobalSection(SolutionConfigurationPlatforms) = preSolution
		Debug|Any CPU = Debug|Any CPU
		Release|Any CPU = Release|Any CPU
	EndGlobalSection
	GlobalSection(ProjectConfigurationPlatforms) = postSolution
		{6EC2F84F-0A09-4FE6-A55D-3E04ED3D6D30}.Debug|Any CPU.ActiveCfg = Debug|Any CPU
		{6EC2F84F-0A09-4FE6-A55D-3E04ED3D6D30}.Debug|Any CPU.Build.0 = Debug|Any CPU
		{6EC2F84F-0A09-4FE6-A55D-3E04ED3D6D30}.Release|Any CPU.ActiveCfg = Release|Any CPU
		{6EC2F84F-0A09-4FE6-A55D-3E04ED3D6D30}.Release|Any CPU.Build.0 = Release|Any CPU
	EndGlobalSection
	GlobalSection(SolutionProperties) = preSolution
		HideSolutionNode = FALSE
	EndGlobalSection
	GlobalSection(ExtensibilityGlobals) = postSolution
		SolutionGuid = {A66C4C50-4F70-46EB-9209-452E42FD1DE0}
	EndGlobalSection
EndGlobal
